
Microsoft Visual Studio Solution File, Format Version 12.00
# Visual Studio 14
VisualStudioVersion = 14.0.25420.1
MinimumVisualStudioVersion = 10.0.40219.1
Project("{FAE04EC0-301F-11D3-BF4B-00C04F79EFBC}") = "Shopping Basket", "Shopping Basket\Shopping Basket.csproj", "{00D87AA7-8799-47C2-9D56-D1B7B634614E}"
EndProject
Project("{FAE04EC0-301F-11D3-BF4B-00C04F79EFBC}") = "UnitTestProject1", "UnitTestProject1\UnitTestProject1.csproj", "{6F7FB7A2-E10C-49CD-AC23-4FDDB656D74E}"
EndProject
Global
	GlobalSection(SolutionConfigurationPlatforms) = preSolution
		Debug|Any CPU = Debug|Any CPU
		Release|Any CPU = Release|Any CPU
	EndGlobalSection
	GlobalSection(ProjectConfigurationPlatforms) = postSolution
		{00D87AA7-8799-47C2-9D56-D1B7B634614E}.Debug|Any CPU.ActiveCfg = Debug|Any CPU
		{00D87AA7-8799-47C2-9D56-D1B7B634614E}.Debug|Any CPU.Build.0 = Debug|Any CPU
		{00D87AA7-8799-47C2-9D56-D1B7B634614E}.Release|Any CPU.ActiveCfg = Release|Any CPU
		{00D87AA7-8799-47C2-9D56-D1B7B634614E}.Release|Any CPU.Build.0 = Release|Any CPU
		{6F7FB7A2-E10C-49CD-AC23-4FDDB656D74E}.Debug|Any CPU.ActiveCfg = Debug|Any CPU
		{6F7FB7A2-E10C-49CD-AC23-4FDDB656D74E}.Debug|Any CPU.Build.0 = Debug|Any CPU
		{6F7FB7A2-E10C-49CD-AC23-4FDDB656D74E}.Release|Any CPU.ActiveCfg = Release|Any CPU
		{6F7FB7A2-E10C-49CD-AC23-4FDDB656D74E}.Release|Any CPU.Build.0 = Release|Any CPU
	EndGlobalSection
	GlobalSection(SolutionProperties) = preSolution
		HideSolutionNode = FALSE
	EndGlobalSection
EndGlobal
